
Microsoft Visual Studio Solution File, Format Version 12.00
# Visual Studio Version 17
VisualStudioVersion = 17.3.32929.385
MinimumVisualStudioVersion = 10.0.40219.1
Project("{8BC9CEB8-8B4A-11D0-8D11-00A0C91BC942}") = "Chapter1", "SFML Solution\SFML Solution.vcxproj", "{FAE15C7A-5BEF-4863-AA5D-EF8C57C9D8E0}"
EndProject
Project("{8BC9CEB8-8B4A-11D0-8D11-00A0C91BC942}") = "Chapter2", "Chapter2\Chapter2.vcxproj", "{A268744E-10D6-4940-B009-0C2990DFF366}"
EndProject
Project("{8BC9CEB8-8B4A-11D0-8D11-00A0C91BC942}") = "Chapter3", "Chapter3\Chapter3.vcxproj", "{B82E43B1-D36B-4F22-86AD-B79537700A98}"
EndProject
Project("{8BC9CEB8-8B4A-11D0-8D11-00A0C91BC942}") = "Chapter4", "Chapter4\Chapter4.vcxproj", "{00B43720-CF6D-4FE0-B2F2-8AED5D562B75}"
EndProject
Project("{8BC9CEB8-8B4A-11D0-8D11-00A0C91BC942}") = "Chapter5", "Chapter5\Chapter5.vcxproj", "{E60B3747-9FAD-4A2D-8870-16DCEACCFE20}"
EndProject
Project("{8BC9CEB8-8B4A-11D0-8D11-00A0C91BC942}") = "Chapter8", "Chapter 8\Chapter 8.vcxproj", "{B0CC0A2C-2D8B-4BD4-B5A7-AE8772342500}"
EndProject
Project("{8BC9CEB8-8B4A-11D0-8D11-00A0C91BC942}") = "Chapter7", "Chapter7\Chapter7.vcxproj", "{B412B845-FB9A-4584-93CD-6D496BF236F8}"
EndProject
Project("{8BC9CEB8-8B4A-11D0-8D11-00A0C91BC942}") = "Pacman", "Pacman\Pacman.vcxproj", "{3EC52DB0-8840-4EE1-8F7C-36EB554B6764}"
EndProject
Project("{8BC9CEB8-8B4A-11D0-8D11-00A0C91BC942}") = "TCP", "TCP\TCP.vcxproj", "{DE332A1D-C230-48AA-9B43-7DEF42416AC7}"
EndProject
Project("{8BC9CEB8-8B4A-11D0-8D11-00A0C91BC942}") = "TCP 1", "TCP 1\TCP 1.vcxproj", "{1AC5A17D-8514-4AF8-A478-5B522248AB35}"
EndProject
Global
	GlobalSection(SolutionConfigurationPlatforms) = preSolution
		Debug|x64 = Debug|x64
		Debug|x86 = Debug|x86
		Release|x64 = Release|x64
		Release|x86 = Release|x86
	EndGlobalSection
	GlobalSection(ProjectConfigurationPlatforms) = postSolution
		{FAE15C7A-5BEF-4863-AA5D-EF8C57C9D8E0}.Debug|x64.ActiveCfg = Debug|x64
		{FAE15C7A-5BEF-4863-AA5D-EF8C57C9D8E0}.Debug|x64.Build.0 = Debug|x64
		{FAE15C7A-5BEF-4863-AA5D-EF8C57C9D8E0}.Debug|x86.ActiveCfg = Debug|Win32
		{FAE15C7A-5BEF-4863-AA5D-EF8C57C9D8E0}.Debug|x86.Build.0 = Debug|Win32
		{FAE15C7A-5BEF-4863-AA5D-EF8C57C9D8E0}.Release|x64.ActiveCfg = Release|x64
		{FAE15C7A-5BEF-4863-AA5D-EF8C57C9D8E0}.Release|x64.Build.0 = Release|x64
		{FAE15C7A-5BEF-4863-AA5D-EF8C57C9D8E0}.Release|x86.ActiveCfg = Release|Win32
		{FAE15C7A-5BEF-4863-AA5D-EF8C57C9D8E0}.Release|x86.Build.0 = Release|Win32
		{A268744E-10D6-4940-B009-0C2990DFF366}.Debug|x64.ActiveCfg = Debug|x64
		{A268744E-10D6-4940-B009-0C2990DFF366}.Debug|x64.Build.0 = Debug|x64
		{A268744E-10D6-4940-B009-0C2990DFF366}.Debug|x86.ActiveCfg = Debug|Win32
		{A268744E-10D6-4940-B009-0C2990DFF366}.Debug|x86.Build.0 = Debug|Win32
		{A268744E-10D6-4940-B009-0C2990DFF366}.Release|x64.ActiveCfg = Release|x64
		{A268744E-10D6-4940-B009-0C2990DFF366}.Release|x64.Build.0 = Release|x64
		{A268744E-10D6-4940-B009-0C2990DFF366}.Release|x86.ActiveCfg = Release|Win32
		{A268744E-10D6-4940-B009-0C2990DFF366}.Release|x86.Build.0 = Release|Win32
		{B82E43B1-D36B-4F22-86AD-B79537700A98}.Debug|x64.ActiveCfg = Debug|x64
		{B82E43B1-D36B-4F22-86AD-B79537700A98}.Debug|x64.Build.0 = Debug|x64
		{B82E43B1-D36B-4F22-86AD-B79537700A98}.Debug|x86.ActiveCfg = Debug|Win32
		{B82E43B1-D36B-4F22-86AD-B79537700A98}.Debug|x86.Build.0 = Debug|Win32
		{B82E43B1-D36B-4F22-86AD-B79537700A98}.Release|x64.ActiveCfg = Release|x64
		{B82E43B1-D36B-4F22-86AD-B79537700A98}.Release|x64.Build.0 = Release|x64
		{B82E43B1-D36B-4F22-86AD-B79537700A98}.Release|x86.ActiveCfg = Release|Win32
		{B82E43B1-D36B-4F22-86AD-B79537700A98}.Release|x86.Build.0 = Release|Win32
		{00B43720-CF6D-4FE0-B2F2-8AED5D562B75}.Debug|x64.ActiveCfg = Debug|x64
		{00B43720-CF6D-4FE0-B2F2-8AED5D562B75}.Debug|x64.Build.0 = Debug|x64
		{00B43720-CF6D-4FE0-B2F2-8AED5D562B75}.Debug|x86.ActiveCfg = Debug|Win32
		{00B43720-CF6D-4FE0-B2F2-8AED5D562B75}.Debug|x86.Build.0 = Debug|Win32
		{00B43720-CF6D-4FE0-B2F2-8AED5D562B75}.Release|x64.ActiveCfg = Release|x64
		{00B43720-CF6D-4FE0-B2F2-8AED5D562B75}.Release|x64.Build.0 = Release|x64
		{00B43720-CF6D-4FE0-B2F2-8AED5D562B75}.Release|x86.ActiveCfg = Release|Win32
		{00B43720-CF6D-4FE0-B2F2-8AED5D562B75}.Release|x86.Build.0 = Release|Win32
		{E60B3747-9FAD-4A2D-8870-16DCEACCFE20}.Debug|x64.ActiveCfg = Debug|x64
		{E60B3747-9FAD-4A2D-8870-16DCEACCFE20}.Debug|x64.Build.0 = Debug|x64
		{E60B3747-9FAD-4A2D-8870-16DCEACCFE20}.Debug|x86.ActiveCfg = Debug|Win32
		{E60B3747-9FAD-4A2D-8870-16DCEACCFE20}.Debug|x86.Build.0 = Debug|Win32
		{E60B3747-9FAD-4A2D-8870-16DCEACCFE20}.Release|x64.ActiveCfg = Release|x64
		{E60B3747-9FAD-4A2D-8870-16DCEACCFE20}.Release|x64.Build.0 = Release|x64
		{E60B3747-9FAD-4A2D-8870-16DCEACCFE20}.Release|x86.ActiveCfg = Release|Win32
		{E60B3747-9FAD-4A2D-8870-16DCEACCFE20}.Release|x86.Build.0 = Release|Win32
		{B0CC0A2C-2D8B-4BD4-B5A7-AE8772342500}.Debug|x64.ActiveCfg = Debug|x64
		{B0CC0A2C-2D8B-4BD4-B5A7-AE8772342500}.Debug|x64.Build.0 = Debug|x64
		{B0CC0A2C-2D8B-4BD4-B5A7-AE8772342500}.Debug|x86.ActiveCfg = Debug|Win32
		{B0CC0A2C-2D8B-4BD4-B5A7-AE8772342500}.Debug|x86.Build.0 = Debug|Win32
		{B0CC0A2C-2D8B-4BD4-B5A7-AE8772342500}.Release|x64.ActiveCfg = Release|x64
		{B0CC0A2C-2D8B-4BD4-B5A7-AE8772342500}.Release|x64.Build.0 = Release|x64
		{B0CC0A2C-2D8B-4BD4-B5A7-AE8772342500}.Release|x86.ActiveCfg = Release|Win32
		{B0CC0A2C-2D8B-4BD4-B5A7-AE8772342500}.Release|x86.Build.0 = Release|Win32
		{B412B845-FB9A-4584-93CD-6D496BF236F8}.Debug|x64.ActiveCfg = Debug|x64
		{B412B845-FB9A-4584-93CD-6D496BF236F8}.Debug|x64.Build.0 = Debug|x64
		{B412B845-FB9A-4584-93CD-6D496BF236F8}.Debug|x86.ActiveCfg = Debug|Win32
		{B412B845-FB9A-4584-93CD-6D496BF236F8}.Debug|x86.Build.0 = Debug|Win32
		{B412B845-FB9A-4584-93CD-6D496BF236F8}.Release|x64.ActiveCfg = Release|x64
		{B412B845-FB9A-4584-93CD-6D496BF236F8}.Release|x64.Build.0 = Release|x64
		{B412B845-FB9A-4584-93CD-6D496BF236F8}.Release|x86.ActiveCfg = Release|Win32
		{B412B845-FB9A-4584-93CD-6D496BF236F8}.Release|x86.Build.0 = Release|Win32
		{3EC52DB0-8840-4EE1-8F7C-36EB554B6764}.Debug|x64.ActiveCfg = Debug|x64
		{3EC52DB0-8840-4EE1-8F7C-36EB554B6764}.Debug|x64.Build.0 = Debug|x64
		{3EC52DB0-8840-4EE1-8F7C-36EB554B6764}.Debug|x86.ActiveCfg = Debug|Win32
		{3EC52DB0-8840-4EE1-8F7C-36EB554B6764}.Debug|x86.Build.0 = Debug|Win32
		{3EC52DB0-8840-4EE1-8F7C-36EB554B6764}.Release|x64.ActiveCfg = Release|x64
		{3EC52DB0-8840-4EE1-8F7C-36EB554B6764}.Release|x64.Build.0 = Release|x64
		{3EC52DB0-8840-4EE1-8F7C-36EB554B6764}.Release|x86.ActiveCfg = Release|Win32
		{3EC52DB0-8840-4EE1-8F7C-36EB554B6764}.Release|x86.Build.0 = Release|Win32
		{DE332A1D-C230-48AA-9B43-7DEF42416AC7}.Debug|x64.ActiveCfg = Debug|x64
		{DE332A1D-C230-48AA-9B43-7DEF42416AC7}.Debug|x64.Build.0 = Debug|x64
		{DE332A1D-C230-48AA-9B43-7DEF42416AC7}.Debug|x86.ActiveCfg = Debug|Win32
		{DE332A1D-C230-48AA-9B43-7DEF42416AC7}.Debug|x86.Build.0 = Debug|Win32
		{DE332A1D-C230-48AA-9B43-7DEF42416AC7}.Release|x64.ActiveCfg = Release|x64
		{DE332A1D-C230-48AA-9B43-7DEF42416AC7}.Release|x64.Build.0 = Release|x64
		{DE332A1D-C230-48AA-9B43-7DEF42416AC7}.Release|x86.ActiveCfg = Release|Win32
		{DE332A1D-C230-48AA-9B43-7DEF42416AC7}.Release|x86.Build.0 = Release|Win32
		{1AC5A17D-8514-4AF8-A478-5B522248AB35}.Debug|x64.ActiveCfg = Debug|x64
		{1AC5A17D-8514-4AF8-A478-5B522248AB35}.Debug|x64.Build.0 = Debug|x64
		{1AC5A17D-8514-4AF8-A478-5B522248AB35}.Debug|x86.ActiveCfg = Debug|Win32
		{1AC5A17D-8514-4AF8-A478-5B522248AB35}.Debug|x86.Build.0 = Debug|Win32
		{1AC5A17D-8514-4AF8-A478-5B522248AB35}.Release|x64.ActiveCfg = Release|x64
		{1AC5A17D-8514-4AF8-A478-5B522248AB35}.Release|x64.Build.0 = Release|x64
		{1AC5A17D-8514-4AF8-A478-5B522248AB35}.Release|x86.ActiveCfg = Release|Win32
		{1AC5A17D-8514-4AF8-A478-5B522248AB35}.Release|x86.Build.0 = Release|Win32
	EndGlobalSection
	GlobalSection(SolutionProperties) = preSolution
		HideSolutionNode = FALSE
	EndGlobalSection
	GlobalSection(ExtensibilityGlobals) = postSolution
		SolutionGuid = {380A695B-4D24-42AC-B581-709EA1F1D639}
	EndGlobalSection
EndGlobal
